
Microsoft Visual Studio Solution File, Format Version 12.00
# Visual Studio Version 17
VisualStudioVersion = 17.4.33110.190
MinimumVisualStudioVersion = 10.0.40219.1
Project("{FAE04EC0-301F-11D3-BF4B-00C04F79EFBC}") = "AravindWebApp", "AravindWebApp\AravindWebApp.csproj", "{9F6FEA6C-20A2-4256-B1F7-277A1612808F}"
EndProject
Global
	GlobalSection(SolutionConfigurationPlatforms) = preSolution
		Debug|Any CPU = Debug|Any CPU
		Release|Any CPU = Release|Any CPU
	EndGlobalSection
	GlobalSection(ProjectConfigurationPlatforms) = postSolution
		{9F6FEA6C-20A2-4256-B1F7-277A1612808F}.Debug|Any CPU.ActiveCfg = Debug|Any CPU
		{9F6FEA6C-20A2-4256-B1F7-277A1612808F}.Debug|Any CPU.Build.0 = Debug|Any CPU
		{9F6FEA6C-20A2-4256-B1F7-277A1612808F}.Release|Any CPU.ActiveCfg = Release|Any CPU
		{9F6FEA6C-20A2-4256-B1F7-277A1612808F}.Release|Any CPU.Build.0 = Release|Any CPU
	EndGlobalSection
	GlobalSection(SolutionProperties) = preSolution
		HideSolutionNode = FALSE
	EndGlobalSection
	GlobalSection(ExtensibilityGlobals) = postSolution
		SolutionGuid = {4B35327F-8AB2-460B-8F7A-1E18875B7D62}
	EndGlobalSection
EndGlobal
